
Microsoft Visual Studio Solution File, Format Version 12.00
# Visual Studio Version 16
VisualStudioVersion = 16.0.29009.5
MinimumVisualStudioVersion = 10.0.40219.1
Project("{FAE04EC0-301F-11D3-BF4B-00C04F79EFBC}") = "XmlDemo.Common", "XmlDemo.Common\XmlDemo.Common.csproj", "{4F7AEDA3-0300-4FFC-8E9B-15322102D31F}"
EndProject
Project("{FAE04EC0-301F-11D3-BF4B-00C04F79EFBC}") = "XmlDemo.Example", "XmlDemo.Example\XmlDemo.Example.csproj", "{3E4B09E3-D9AC-451F-AF52-D99CDA1CE7B8}"
EndProject
Global
	GlobalSection(SolutionConfigurationPlatforms) = preSolution
		Debug|Any CPU = Debug|Any CPU
		Release|Any CPU = Release|Any CPU
	EndGlobalSection
	GlobalSection(ProjectConfigurationPlatforms) = postSolution
		{4F7AEDA3-0300-4FFC-8E9B-15322102D31F}.Debug|Any CPU.ActiveCfg = Debug|Any CPU
		{4F7AEDA3-0300-4FFC-8E9B-15322102D31F}.Debug|Any CPU.Build.0 = Debug|Any CPU
		{4F7AEDA3-0300-4FFC-8E9B-15322102D31F}.Release|Any CPU.ActiveCfg = Release|Any CPU
		{4F7AEDA3-0300-4FFC-8E9B-15322102D31F}.Release|Any CPU.Build.0 = Release|Any CPU
		{3E4B09E3-D9AC-451F-AF52-D99CDA1CE7B8}.Debug|Any CPU.ActiveCfg = Debug|Any CPU
		{3E4B09E3-D9AC-451F-AF52-D99CDA1CE7B8}.Debug|Any CPU.Build.0 = Debug|Any CPU
		{3E4B09E3-D9AC-451F-AF52-D99CDA1CE7B8}.Release|Any CPU.ActiveCfg = Release|Any CPU
		{3E4B09E3-D9AC-451F-AF52-D99CDA1CE7B8}.Release|Any CPU.Build.0 = Release|Any CPU
	EndGlobalSection
	GlobalSection(SolutionProperties) = preSolution
		HideSolutionNode = FALSE
	EndGlobalSection
	GlobalSection(ExtensibilityGlobals) = postSolution
		SolutionGuid = {E0628E83-31BD-481F-94CA-F2401554DE8A}
	EndGlobalSection
EndGlobal
